// !$*UTF8*$!
{
	archiveVersion = 1;
	classes = {
	};
	objectVersion = 46;
	objects = {

/* Begin PBXBuildFile section */
		4585D33A18A9F11E003CEC42 /* Foundation.framework in Frameworks */ = {isa = PBXBuildFile; fileRef = 4585D33918A9F11E003CEC42 /* Foundation.framework */; };
		4585D33C18A9F11E003CEC42 /* CoreGraphics.framework in Frameworks */ = {isa = PBXBuildFile; fileRef = 4585D33B18A9F11E003CEC42 /* CoreGraphics.framework */; };
		4585D33E18A9F11E003CEC42 /* UIKit.framework in Frameworks */ = {isa = PBXBuildFile; fileRef = 4585D33D18A9F11E003CEC42 /* UIKit.framework */; };
		4585D34418A9F11E003CEC42 /* InfoPlist.strings in Resources */ = {isa = PBXBuildFile; fileRef = 4585D34218A9F11E003CEC42 /* InfoPlist.strings */; };
		4585D34618A9F11E003CEC42 /* main.m in Sources */ = {isa = PBXBuildFile; fileRef = 4585D34518A9F11E003CEC42 /* main.m */; };
		4585D34A18A9F11E003CEC42 /* DUAppDelegate.m in Sources */ = {isa = PBXBuildFile; fileRef = 4585D34918A9F11E003CEC42 /* DUAppDelegate.m */; };
		4585D34D18A9F11E003CEC42 /* Main.storyboard in Resources */ = {isa = PBXBuildFile; fileRef = 4585D34B18A9F11E003CEC42 /* Main.storyboard */; };
		4585D35018A9F11E003CEC42 /* DUAlarmListViewController.m in Sources */ = {isa = PBXBuildFile; fileRef = 4585D34F18A9F11E003CEC42 /* DUAlarmListViewController.m */; };
		4585D35218A9F11E003CEC42 /* Images.xcassets in Resources */ = {isa = PBXBuildFile; fileRef = 4585D35118A9F11E003CEC42 /* Images.xcassets */; };
		4585D35918A9F11E003CEC42 /* XCTest.framework in Frameworks */ = {isa = PBXBuildFile; fileRef = 4585D35818A9F11E003CEC42 /* XCTest.framework */; };
		4585D35A18A9F11E003CEC42 /* Foundation.framework in Frameworks */ = {isa = PBXBuildFile; fileRef = 4585D33918A9F11E003CEC42 /* Foundation.framework */; };
		4585D35B18A9F11E003CEC42 /* UIKit.framework in Frameworks */ = {isa = PBXBuildFile; fileRef = 4585D33D18A9F11E003CEC42 /* UIKit.framework */; };
		4585D36318A9F11E003CEC42 /* InfoPlist.strings in Resources */ = {isa = PBXBuildFile; fileRef = 4585D36118A9F11E003CEC42 /* InfoPlist.strings */; };
		4585D36518A9F11E003CEC42 /* Drake_UpTests.m in Sources */ = {isa = PBXBuildFile; fileRef = 4585D36418A9F11E003CEC42 /* Drake_UpTests.m */; };
		4585D37018AA040B003CEC42 /* DUAlarmData.m in Sources */ = {isa = PBXBuildFile; fileRef = 4585D36F18AA040B003CEC42 /* DUAlarmData.m */; };
		4585D37318AA063B003CEC42 /* houstatlantavegas.mp3 in Resources */ = {isa = PBXBuildFile; fileRef = 4585D37218AA063B003CEC42 /* houstatlantavegas.mp3 */; };
		4585D37518AA0903003CEC42 /* DUAlarmListViewController.xib in Resources */ = {isa = PBXBuildFile; fileRef = 4585D37418AA0903003CEC42 /* DUAlarmListViewController.xib */; };
		4585D37718AA0A1D003CEC42 /* drakes.plist in Resources */ = {isa = PBXBuildFile; fileRef = 4585D37618AA0A1D003CEC42 /* drakes.plist */; };
		4585D37A18AA0A75003CEC42 /* DUAlarmFactory.m in Sources */ = {isa = PBXBuildFile; fileRef = 4585D37918AA0A75003CEC42 /* DUAlarmFactory.m */; };
		4585D37C18AA18EC003CEC42 /* worst.mp3 in Resources */ = {isa = PBXBuildFile; fileRef = 4585D37B18AA18EC003CEC42 /* worst.mp3 */; };
		4585D37E18AA1A2F003CEC42 /* marvins.mp3 in Resources */ = {isa = PBXBuildFile; fileRef = 4585D37D18AA1A2F003CEC42 /* marvins.mp3 */; };
/* End PBXBuildFile section */

/* Begin PBXContainerItemProxy section */
		4585D35C18A9F11E003CEC42 /* PBXContainerItemProxy */ = {
			isa = PBXContainerItemProxy;
			containerPortal = 4585D32E18A9F11E003CEC42 /* Project object */;
			proxyType = 1;
			remoteGlobalIDString = 4585D33518A9F11E003CEC42;
			remoteInfo = "Drake Up";
		};
/* End PBXContainerItemProxy section */

/* Begin PBXFileReference section */
		4585D33618A9F11E003CEC42 /* Drake Up.app */ = {isa = PBXFileReference; explicitFileType = wrapper.application; includeInIndex = 0; path = "Drake Up.app"; sourceTree = BUILT_PRODUCTS_DIR; };
		4585D33918A9F11E003CEC42 /* Foundation.framework */ = {isa = PBXFileReference; lastKnownFileType = wrapper.framework; name = Foundation.framework; path = System/Library/Frameworks/Foundation.framework; sourceTree = SDKROOT; };
		4585D33B18A9F11E003CEC42 /* CoreGraphics.framework */ = {isa = PBXFileReference; lastKnownFileType = wrapper.framework; name = CoreGraphics.framework; path = System/Library/Frameworks/CoreGraphics.framework; sourceTree = SDKROOT; };
		4585D33D18A9F11E003CEC42 /* UIKit.framework */ = {isa = PBXFileReference; lastKnownFileType = wrapper.framework; name = UIKit.framework; path = System/Library/Frameworks/UIKit.framework; sourceTree = SDKROOT; };
		4585D34118A9F11E003CEC42 /* Drake Up-Info.plist */ = {isa = PBXFileReference; lastKnownFileType = text.plist.xml; path = "Drake Up-Info.plist"; sourceTree = "<group>"; };
		4585D34318A9F11E003CEC42 /* en */ = {isa = PBXFileReference; lastKnownFileType = text.plist.strings; name = en; path = en.lproj/InfoPlist.strings; sourceTree = "<group>"; };
		4585D34518A9F11E003CEC42 /* main.m */ = {isa = PBXFileReference; lastKnownFileType = sourcecode.c.objc; path = main.m; sourceTree = "<group>"; };
		4585D34718A9F11E003CEC42 /* Drake Up-Prefix.pch */ = {isa = PBXFileReference; lastKnownFileType = sourcecode.c.h; path = "Drake Up-Prefix.pch"; sourceTree = "<group>"; };
		4585D34818A9F11E003CEC42 /* DUAppDelegate.h */ = {isa = PBXFileReference; lastKnownFileType = sourcecode.c.h; path = DUAppDelegate.h; sourceTree = "<group>"; };
		4585D34918A9F11E003CEC42 /* DUAppDelegate.m */ = {isa = PBXFileReference; lastKnownFileType = sourcecode.c.objc; path = DUAppDelegate.m; sourceTree = "<group>"; };
		4585D34C18A9F11E003CEC42 /* Base */ = {isa = PBXFileReference; lastKnownFileType = file.storyboard; name = Base; path = Base.lproj/Main.storyboard; sourceTree = "<group>"; };
		4585D34E18A9F11E003CEC42 /* DUAlarmListViewController.h */ = {isa = PBXFileReference; lastKnownFileType = sourcecode.c.h; path = DUAlarmListViewController.h; sourceTree = "<group>"; };
		4585D34F18A9F11E003CEC42 /* DUAlarmListViewController.m */ = {isa = PBXFileReference; lastKnownFileType = sourcecode.c.objc; path = DUAlarmListViewController.m; sourceTree = "<group>"; };
		4585D35118A9F11E003CEC42 /* Images.xcassets */ = {isa = PBXFileReference; lastKnownFileType = folder.assetcatalog; path = Images.xcassets; sourceTree = "<group>"; };
		4585D35718A9F11E003CEC42 /* Drake UpTests.xctest */ = {isa = PBXFileReference; explicitFileType = wrapper.cfbundle; includeInIndex = 0; path = "Drake UpTests.xctest"; sourceTree = BUILT_PRODUCTS_DIR; };
		4585D35818A9F11E003CEC42 /* XCTest.framework */ = {isa = PBXFileReference; lastKnownFileType = wrapper.framework; name = XCTest.framework; path = Library/Frameworks/XCTest.framework; sourceTree = DEVELOPER_DIR; };
		4585D36018A9F11E003CEC42 /* Drake UpTests-Info.plist */ = {isa = PBXFileReference; lastKnownFileType = text.plist.xml; path = "Drake UpTests-Info.plist"; sourceTree = "<group>"; };
		4585D36218A9F11E003CEC42 /* en */ = {isa = PBXFileReference; lastKnownFileType = text.plist.strings; name = en; path = en.lproj/InfoPlist.strings; sourceTree = "<group>"; };
		4585D36418A9F11E003CEC42 /* Drake_UpTests.m */ = {isa = PBXFileReference; lastKnownFileType = sourcecode.c.objc; path = Drake_UpTests.m; sourceTree = "<group>"; };
		4585D36E18AA01D5003CEC42 /* DUAlarmData.h */ = {isa = PBXFileReference; fileEncoding = 4; lastKnownFileType = sourcecode.c.h; path = DUAlarmData.h; sourceTree = "<group>"; };
		4585D36F18AA040B003CEC42 /* DUAlarmData.m */ = {isa = PBXFileReference; fileEncoding = 4; lastKnownFileType = sourcecode.c.objc; path = DUAlarmData.m; sourceTree = "<group>"; };
		4585D37218AA063B003CEC42 /* houstatlantavegas.mp3 */ = {isa = PBXFileReference; lastKnownFileType = audio.mp3; path = houstatlantavegas.mp3; sourceTree = "<group>"; };
		4585D37418AA0903003CEC42 /* DUAlarmListViewController.xib */ = {isa = PBXFileReference; fileEncoding = 4; lastKnownFileType = file.xib; path = DUAlarmListViewController.xib; sourceTree = "<group>"; };
		4585D37618AA0A1D003CEC42 /* drakes.plist */ = {isa = PBXFileReference; fileEncoding = 4; lastKnownFileType = text.plist.xml; path = drakes.plist; sourceTree = "<group>"; };
		4585D37818AA0A75003CEC42 /* DUAlarmFactory.h */ = {isa = PBXFileReference; fileEncoding = 4; lastKnownFileType = sourcecode.c.h; path = DUAlarmFactory.h; sourceTree = "<group>"; };
		4585D37918AA0A75003CEC42 /* DUAlarmFactory.m */ = {isa = PBXFileReference; fileEncoding = 4; lastKnownFileType = sourcecode.c.objc; path = DUAlarmFactory.m; sourceTree = "<group>"; };
		4585D37B18AA18EC003CEC42 /* worst.mp3 */ = {isa = PBXFileReference; lastKnownFileType = audio.mp3; path = worst.mp3; sourceTree = "<group>"; };
		4585D37D18AA1A2F003CEC42 /* marvins.mp3 */ = {isa = PBXFileReference; lastKnownFileType = audio.mp3; path = marvins.mp3; sourceTree = "<group>"; };
		4585D3A018AA1BB2003CEC42 /* Icon-40.png */ = {isa = PBXFileReference; lastKnownFileType = image.png; name = "Icon-40.png"; path = "../../../Downloads/icon/ios7/Icon-40.png"; sourceTree = "<group>"; };
		4585D3A118AA1BB2003CEC42 /* Icon-40@2x.png */ = {isa = PBXFileReference; lastKnownFileType = image.png; name = "Icon-40@2x.png"; path = "../../../Downloads/icon/ios7/Icon-40@2x.png"; sourceTree = "<group>"; };
		4585D3A218AA1BB2003CEC42 /* Icon-60.png */ = {isa = PBXFileReference; lastKnownFileType = image.png; name = "Icon-60.png"; path = "../../../Downloads/icon/ios7/Icon-60.png"; sourceTree = "<group>"; };
		4585D3A318AA1BB2003CEC42 /* Icon-60@2x.png */ = {isa = PBXFileReference; lastKnownFileType = image.png; name = "Icon-60@2x.png"; path = "../../../Downloads/icon/ios7/Icon-60@2x.png"; sourceTree = "<group>"; };
		4585D3A418AA1BB2003CEC42 /* Icon-72.png */ = {isa = PBXFileReference; lastKnownFileType = image.png; name = "Icon-72.png"; path = "../../../Downloads/icon/ios7/Icon-72.png"; sourceTree = "<group>"; };
		4585D3A518AA1BB2003CEC42 /* Icon-72@2x.png */ = {isa = PBXFileReference; lastKnownFileType = image.png; name = "Icon-72@2x.png"; path = "../../../Downloads/icon/ios7/Icon-72@2x.png"; sourceTree = "<group>"; };
		4585D3A618AA1BB2003CEC42 /* Icon-76.png */ = {isa = PBXFileReference; lastKnownFileType = image.png; name = "Icon-76.png"; path = "../../../Downloads/icon/ios7/Icon-76.png"; sourceTree = "<group>"; };
		4585D3A718AA1BB2003CEC42 /* Icon-76@2x.png */ = {isa = PBXFileReference; lastKnownFileType = image.png; name = "Icon-76@2x.png"; path = "../../../Downloads/icon/ios7/Icon-76@2x.png"; sourceTree = "<group>"; };
		4585D3A818AA1BB2003CEC42 /* Icon-Small-50.png */ = {isa = PBXFileReference; lastKnownFileType = image.png; name = "Icon-Small-50.png"; path = "../../../Downloads/icon/ios7/Icon-Small-50.png"; sourceTree = "<group>"; };
		4585D3A918AA1BB2003CEC42 /* Icon-Small-50@2x.png */ = {isa = PBXFileReference; lastKnownFileType = image.png; name = "Icon-Small-50@2x.png"; path = "../../../Downloads/icon/ios7/Icon-Small-50@2x.png"; sourceTree = "<group>"; };
		4585D3AA18AA1BB2003CEC42 /* Icon-Small.png */ = {isa = PBXFileReference; lastKnownFileType = image.png; name = "Icon-Small.png"; path = "../../../Downloads/icon/ios7/Icon-Small.png"; sourceTree = "<group>"; };
		4585D3AB18AA1BB2003CEC42 /* Icon-Small@2x.png */ = {isa = PBXFileReference; lastKnownFileType = image.png; name = "Icon-Small@2x.png"; path = "../../../Downloads/icon/ios7/Icon-Small@2x.png"; sourceTree = "<group>"; };
		4585D3AC18AA1BB2003CEC42 /* Icon.png */ = {isa = PBXFileReference; lastKnownFileType = image.png; name = Icon.png; path = ../../../Downloads/icon/ios7/Icon.png; sourceTree = "<group>"; };
		4585D3AD18AA1BB2003CEC42 /* Icon@2x.png */ = {isa = PBXFileReference; lastKnownFileType = image.png; name = "Icon@2x.png"; path = "../../../Downloads/icon/ios7/Icon@2x.png"; sourceTree = "<group>"; };
		4585D3AE18AA1BB2003CEC42 /* iTunesArtwork.png */ = {isa = PBXFileReference; lastKnownFileType = image.png; name = iTunesArtwork.png; path = ../../../Downloads/icon/ios7/iTunesArtwork.png; sourceTree = "<group>"; };
		4585D3AF18AA1BB2003CEC42 /* iTunesArtwork@2x.png */ = {isa = PBXFileReference; lastKnownFileType = image.png; name = "iTunesArtwork@2x.png"; path = "../../../Downloads/icon/ios7/iTunesArtwork@2x.png"; sourceTree = "<group>"; };
/* End PBXFileReference section */

/* Begin PBXFrameworksBuildPhase section */
		4585D33318A9F11E003CEC42 /* Frameworks */ = {
			isa = PBXFrameworksBuildPhase;
			buildActionMask = 2147483647;
			files = (
				4585D33C18A9F11E003CEC42 /* CoreGraphics.framework in Frameworks */,
				4585D33E18A9F11E003CEC42 /* UIKit.framework in Frameworks */,
				4585D33A18A9F11E003CEC42 /* Foundation.framework in Frameworks */,
			);
			runOnlyForDeploymentPostprocessing = 0;
		};
		4585D35418A9F11E003CEC42 /* Frameworks */ = {
			isa = PBXFrameworksBuildPhase;
			buildActionMask = 2147483647;
			files = (
				4585D35918A9F11E003CEC42 /* XCTest.framework in Frameworks */,
				4585D35B18A9F11E003CEC42 /* UIKit.framework in Frameworks */,
				4585D35A18A9F11E003CEC42 /* Foundation.framework in Frameworks */,
			);
			runOnlyForDeploymentPostprocessing = 0;
		};
/* End PBXFrameworksBuildPhase section */

/* Begin PBXGroup section */
		4585D32D18A9F11E003CEC42 = {
			isa = PBXGroup;
			children = (
				4585D33F18A9F11E003CEC42 /* Drake Up */,
				4585D35E18A9F11E003CEC42 /* Drake UpTests */,
				4585D33818A9F11E003CEC42 /* Frameworks */,
				4585D33718A9F11E003CEC42 /* Products */,
			);
			sourceTree = "<group>";
		};
		4585D33718A9F11E003CEC42 /* Products */ = {
			isa = PBXGroup;
			children = (
				4585D33618A9F11E003CEC42 /* Drake Up.app */,
				4585D35718A9F11E003CEC42 /* Drake UpTests.xctest */,
			);
			name = Products;
			sourceTree = "<group>";
		};
		4585D33818A9F11E003CEC42 /* Frameworks */ = {
			isa = PBXGroup;
			children = (
				4585D3A018AA1BB2003CEC42 /* Icon-40.png */,
				4585D3A118AA1BB2003CEC42 /* Icon-40@2x.png */,
				4585D3A218AA1BB2003CEC42 /* Icon-60.png */,
				4585D3A318AA1BB2003CEC42 /* Icon-60@2x.png */,
				4585D3A418AA1BB2003CEC42 /* Icon-72.png */,
				4585D3A518AA1BB2003CEC42 /* Icon-72@2x.png */,
				4585D3A618AA1BB2003CEC42 /* Icon-76.png */,
				4585D3A718AA1BB2003CEC42 /* Icon-76@2x.png */,
				4585D3A818AA1BB2003CEC42 /* Icon-Small-50.png */,
				4585D3A918AA1BB2003CEC42 /* Icon-Small-50@2x.png */,
				4585D3AA18AA1BB2003CEC42 /* Icon-Small.png */,
				4585D3AB18AA1BB2003CEC42 /* Icon-Small@2x.png */,
				4585D3AC18AA1BB2003CEC42 /* Icon.png */,
				4585D3AD18AA1BB2003CEC42 /* Icon@2x.png */,
				4585D3AE18AA1BB2003CEC42 /* iTunesArtwork.png */,
				4585D3AF18AA1BB2003CEC42 /* iTunesArtwork@2x.png */,
				4585D33918A9F11E003CEC42 /* Foundation.framework */,
				4585D33B18A9F11E003CEC42 /* CoreGraphics.framework */,
				4585D33D18A9F11E003CEC42 /* UIKit.framework */,
				4585D35818A9F11E003CEC42 /* XCTest.framework */,
			);
			name = Frameworks;
			sourceTree = "<group>";
		};
		4585D33F18A9F11E003CEC42 /* Drake Up */ = {
			isa = PBXGroup;
			children = (
				4585D34818A9F11E003CEC42 /* DUAppDelegate.h */,
				4585D34918A9F11E003CEC42 /* DUAppDelegate.m */,
				4585D34B18A9F11E003CEC42 /* Main.storyboard */,
				4585D36E18AA01D5003CEC42 /* DUAlarmData.h */,
				4585D36F18AA040B003CEC42 /* DUAlarmData.m */,
				4585D37818AA0A75003CEC42 /* DUAlarmFactory.h */,
				4585D37918AA0A75003CEC42 /* DUAlarmFactory.m */,
				4585D34E18A9F11E003CEC42 /* DUAlarmListViewController.h */,
				4585D34F18A9F11E003CEC42 /* DUAlarmListViewController.m */,
				4585D37418AA0903003CEC42 /* DUAlarmListViewController.xib */,
				4585D35118A9F11E003CEC42 /* Images.xcassets */,
				4585D34018A9F11E003CEC42 /* Supporting Files */,
			);
			path = "Drake Up";
			sourceTree = "<group>";
		};
		4585D34018A9F11E003CEC42 /* Supporting Files */ = {
			isa = PBXGroup;
			children = (
				4585D37118AA0624003CEC42 /* drakes */,
				4585D34118A9F11E003CEC42 /* Drake Up-Info.plist */,
				4585D34218A9F11E003CEC42 /* InfoPlist.strings */,
				4585D34518A9F11E003CEC42 /* main.m */,
				4585D34718A9F11E003CEC42 /* Drake Up-Prefix.pch */,
			);
			name = "Supporting Files";
			sourceTree = "<group>";
		};
		4585D35E18A9F11E003CEC42 /* Drake UpTests */ = {
			isa = PBXGroup;
			children = (
				4585D36418A9F11E003CEC42 /* Drake_UpTests.m */,
				4585D35F18A9F11E003CEC42 /* Supporting Files */,
			);
			path = "Drake UpTests";
			sourceTree = "<group>";
		};
		4585D35F18A9F11E003CEC42 /* Supporting Files */ = {
			isa = PBXGroup;
			children = (
				4585D36018A9F11E003CEC42 /* Drake UpTests-Info.plist */,
				4585D36118A9F11E003CEC42 /* InfoPlist.strings */,
			);
			name = "Supporting Files";
			sourceTree = "<group>";
		};
		4585D37118AA0624003CEC42 /* drakes */ = {
			isa = PBXGroup;
			children = (
				4585D37618AA0A1D003CEC42 /* drakes.plist */,
				4585D37218AA063B003CEC42 /* houstatlantavegas.mp3 */,
				4585D37B18AA18EC003CEC42 /* worst.mp3 */,
				4585D37D18AA1A2F003CEC42 /* marvins.mp3 */,
			);
			name = drakes;
			sourceTree = "<group>";
		};
/* End PBXGroup section */

/* Begin PBXNativeTarget section */
		4585D33518A9F11E003CEC42 /* Drake Up */ = {
			isa = PBXNativeTarget;
			buildConfigurationList = 4585D36818A9F11F003CEC42 /* Build configuration list for PBXNativeTarget "Drake Up" */;
			buildPhases = (
				4585D33218A9F11E003CEC42 /* Sources */,
				4585D33318A9F11E003CEC42 /* Frameworks */,
				4585D33418A9F11E003CEC42 /* Resources */,
			);
			buildRules = (
			);
			dependencies = (
			);
			name = "Drake Up";
			productName = "Drake Up";
			productReference = 4585D33618A9F11E003CEC42 /* Drake Up.app */;
			productType = "com.apple.product-type.application";
		};
		4585D35618A9F11E003CEC42 /* Drake UpTests */ = {
			isa = PBXNativeTarget;
			buildConfigurationList = 4585D36B18A9F11F003CEC42 /* Build configuration list for PBXNativeTarget "Drake UpTests" */;
			buildPhases = (
				4585D35318A9F11E003CEC42 /* Sources */,
				4585D35418A9F11E003CEC42 /* Frameworks */,
				4585D35518A9F11E003CEC42 /* Resources */,
			);
			buildRules = (
			);
			dependencies = (
				4585D35D18A9F11E003CEC42 /* PBXTargetDependency */,
			);
			name = "Drake UpTests";
			productName = "Drake UpTests";
			productReference = 4585D35718A9F11E003CEC42 /* Drake UpTests.xctest */;
			productType = "com.apple.product-type.bundle.unit-test";
		};
/* End PBXNativeTarget section */

/* Begin PBXProject section */
		4585D32E18A9F11E003CEC42 /* Project object */ = {
			isa = PBXProject;
			attributes = {
				CLASSPREFIX = DU;
				LastUpgradeCheck = 0500;
				ORGANIZATIONNAME = "Drake Up";
				TargetAttributes = {
					4585D35618A9F11E003CEC42 = {
						TestTargetID = 4585D33518A9F11E003CEC42;
					};
				};
			};
			buildConfigurationList = 4585D33118A9F11E003CEC42 /* Build configuration list for PBXProject "Drake Up" */;
			compatibilityVersion = "Xcode 3.2";
			developmentRegion = English;
			hasScannedForEncodings = 0;
			knownRegions = (
				en,
				Base,
			);
			mainGroup = 4585D32D18A9F11E003CEC42;
			productRefGroup = 4585D33718A9F11E003CEC42 /* Products */;
			projectDirPath = "";
			projectRoot = "";
			targets = (
				4585D33518A9F11E003CEC42 /* Drake Up */,
				4585D35618A9F11E003CEC42 /* Drake UpTests */,
			);
		};
/* End PBXProject section */

/* Begin PBXResourcesBuildPhase section */
		4585D33418A9F11E003CEC42 /* Resources */ = {
			isa = PBXResourcesBuildPhase;
			buildActionMask = 2147483647;
			files = (
				4585D35218A9F11E003CEC42 /* Images.xcassets in Resources */,
				4585D34418A9F11E003CEC42 /* InfoPlist.strings in Resources */,
				4585D37C18AA18EC003CEC42 /* worst.mp3 in Resources */,
				4585D37318AA063B003CEC42 /* houstatlantavegas.mp3 in Resources */,
				4585D34D18A9F11E003CEC42 /* Main.storyboard in Resources */,
				4585D37718AA0A1D003CEC42 /* drakes.plist in Resources */,
				4585D37E18AA1A2F003CEC42 /* marvins.mp3 in Resources */,
				4585D37518AA0903003CEC42 /* DUAlarmListViewController.xib in Resources */,
			);
			runOnlyForDeploymentPostprocessing = 0;
		};
		4585D35518A9F11E003CEC42 /* Resources */ = {
			isa = PBXResourcesBuildPhase;
			buildActionMask = 2147483647;
			files = (
				4585D36318A9F11E003CEC42 /* InfoPlist.strings in Resources */,
			);
			runOnlyForDeploymentPostprocessing = 0;
		};
/* End PBXResourcesBuildPhase section */

/* Begin PBXSourcesBuildPhase section */
		4585D33218A9F11E003CEC42 /* Sources */ = {
			isa = PBXSourcesBuildPhase;
			buildActionMask = 2147483647;
			files = (
				4585D37A18AA0A75003CEC42 /* DUAlarmFactory.m in Sources */,
				4585D37018AA040B003CEC42 /* DUAlarmData.m in Sources */,
				4585D34618A9F11E003CEC42 /* main.m in Sources */,
				4585D35018A9F11E003CEC42 /* DUAlarmListViewController.m in Sources */,
				4585D34A18A9F11E003CEC42 /* DUAppDelegate.m in Sources */,
			);
			runOnlyForDeploymentPostprocessing = 0;
		};
		4585D35318A9F11E003CEC42 /* Sources */ = {
			isa = PBXSourcesBuildPhase;
			buildActionMask = 2147483647;
			files = (
				4585D36518A9F11E003CEC42 /* Drake_UpTests.m in Sources */,
			);
			runOnlyForDeploymentPostprocessing = 0;
		};
/* End PBXSourcesBuildPhase section */

/* Begin PBXTargetDependency section */
		4585D35D18A9F11E003CEC42 /* PBXTargetDependency */ = {
			isa = PBXTargetDependency;
			target = 4585D33518A9F11E003CEC42 /* Drake Up */;
			targetProxy = 4585D35C18A9F11E003CEC42 /* PBXContainerItemProxy */;
		};
/* End PBXTargetDependency section */

/* Begin PBXVariantGroup section */
		4585D34218A9F11E003CEC42 /* InfoPlist.strings */ = {
			isa = PBXVariantGroup;
			children = (
				4585D34318A9F11E003CEC42 /* en */,
			);
			name = InfoPlist.strings;
			sourceTree = "<group>";
		};
		4585D34B18A9F11E003CEC42 /* Main.storyboard */ = {
			isa = PBXVariantGroup;
			children = (
				4585D34C18A9F11E003CEC42 /* Base */,
			);
			name = Main.storyboard;
			sourceTree = "<group>";
		};
		4585D36118A9F11E003CEC42 /* InfoPlist.strings */ = {
			isa = PBXVariantGroup;
			children = (
				4585D36218A9F11E003CEC42 /* en */,
			);
			name = InfoPlist.strings;
			sourceTree = "<group>";
		};
/* End PBXVariantGroup section */

/* Begin XCBuildConfiguration section */
		4585D36618A9F11F003CEC42 /* Debug */ = {
			isa = XCBuildConfiguration;
			buildSettings = {
				ALWAYS_SEARCH_USER_PATHS = NO;
				ARCHS = "$(ARCHS_STANDARD_INCLUDING_64_BIT)";
				CLANG_CXX_LANGUAGE_STANDARD = "gnu++0x";
				CLANG_CXX_LIBRARY = "libc++";
				CLANG_ENABLE_MODULES = YES;
				CLANG_ENABLE_OBJC_ARC = YES;
				CLANG_WARN_BOOL_CONVERSION = YES;
				CLANG_WARN_CONSTANT_CONVERSION = YES;
				CLANG_WARN_DIRECT_OBJC_ISA_USAGE = YES_ERROR;
				CLANG_WARN_EMPTY_BODY = YES;
				CLANG_WARN_ENUM_CONVERSION = YES;
				CLANG_WARN_INT_CONVERSION = YES;
				CLANG_WARN_OBJC_ROOT_CLASS = YES_ERROR;
				CLANG_WARN__DUPLICATE_METHOD_MATCH = YES;
				"CODE_SIGN_IDENTITY[sdk=iphoneos*]" = "iPhone Developer";
				COPY_PHASE_STRIP = NO;
				GCC_C_LANGUAGE_STANDARD = gnu99;
				GCC_DYNAMIC_NO_PIC = NO;
				GCC_OPTIMIZATION_LEVEL = 0;
				GCC_PREPROCESSOR_DEFINITIONS = (
					"DEBUG=1",
					"$(inherited)",
				);
				GCC_SYMBOLS_PRIVATE_EXTERN = NO;
				GCC_WARN_64_TO_32_BIT_CONVERSION = YES;
				GCC_WARN_ABOUT_RETURN_TYPE = YES_ERROR;
				GCC_WARN_UNDECLARED_SELECTOR = YES;
				GCC_WARN_UNINITIALIZED_AUTOS = YES;
				GCC_WARN_UNUSED_FUNCTION = YES;
				GCC_WARN_UNUSED_VARIABLE = YES;
				IPHONEOS_DEPLOYMENT_TARGET = 7.0;
				ONLY_ACTIVE_ARCH = YES;
				SDKROOT = iphoneos;
			};
			name = Debug;
		};
		4585D36718A9F11F003CEC42 /* Release */ = {
			isa = XCBuildConfiguration;
			buildSettings = {
				ALWAYS_SEARCH_USER_PATHS = NO;
				ARCHS = "$(ARCHS_STANDARD_INCLUDING_64_BIT)";
				CLANG_CXX_LANGUAGE_STANDARD = "gnu++0x";
				CLANG_CXX_LIBRARY = "libc++";
				CLANG_ENABLE_MODULES = YES;
				CLANG_ENABLE_OBJC_ARC = YES;
				CLANG_WARN_BOOL_CONVERSION = YES;
				CLANG_WARN_CONSTANT_CONVERSION = YES;
				CLANG_WARN_DIRECT_OBJC_ISA_USAGE = YES_ERROR;
				CLANG_WARN_EMPTY_BODY = YES;
				CLANG_WARN_ENUM_CONVERSION = YES;
				CLANG_WARN_INT_CONVERSION = YES;
				CLANG_WARN_OBJC_ROOT_CLASS = YES_ERROR;
				CLANG_WARN__DUPLICATE_METHOD_MATCH = YES;
				"CODE_SIGN_IDENTITY[sdk=iphoneos*]" = "iPhone Developer";
				COPY_PHASE_STRIP = YES;
				ENABLE_NS_ASSERTIONS = NO;
				GCC_C_LANGUAGE_STANDARD = gnu99;
				GCC_WARN_64_TO_32_BIT_CONVERSION = YES;
				GCC_WARN_ABOUT_RETURN_TYPE = YES_ERROR;
				GCC_WARN_UNDECLARED_SELECTOR = YES;
				GCC_WARN_UNINITIALIZED_AUTOS = YES;
				GCC_WARN_UNUSED_FUNCTION = YES;
				GCC_WARN_UNUSED_VARIABLE = YES;
				IPHONEOS_DEPLOYMENT_TARGET = 7.0;
				SDKROOT = iphoneos;
				VALIDATE_PRODUCT = YES;
			};
			name = Release;
		};
		4585D36918A9F11F003CEC42 /* Debug */ = {
			isa = XCBuildConfiguration;
			buildSettings = {
				ASSETCATALOG_COMPILER_APPICON_NAME = AppIcon;
				ASSETCATALOG_COMPILER_LAUNCHIMAGE_NAME = LaunchImage;
				GCC_PRECOMPILE_PREFIX_HEADER = YES;
				GCC_PREFIX_HEADER = "Drake Up/Drake Up-Prefix.pch";
				INFOPLIST_FILE = "Drake Up/Drake Up-Info.plist";
				PRODUCT_NAME = "$(TARGET_NAME)";
				WRAPPER_EXTENSION = app;
			};
			name = Debug;
		};
		4585D36A18A9F11F003CEC42 /* Release */ = {
			isa = XCBuildConfiguration;
			buildSettings = {
				ASSETCATALOG_COMPILER_APPICON_NAME = AppIcon;
				ASSETCATALOG_COMPILER_LAUNCHIMAGE_NAME = LaunchImage;
				GCC_PRECOMPILE_PREFIX_HEADER = YES;
				GCC_PREFIX_HEADER = "Drake Up/Drake Up-Prefix.pch";
				INFOPLIST_FILE = "Drake Up/Drake Up-Info.plist";
				PRODUCT_NAME = "$(TARGET_NAME)";
				WRAPPER_EXTENSION = app;
			};
			name = Release;
		};
		4585D36C18A9F11F003CEC42 /* Debug */ = {
			isa = XCBuildConfiguration;
			buildSettings = {
				ARCHS = "$(ARCHS_STANDARD_INCLUDING_64_BIT)";
				BUNDLE_LOADER = "$(BUILT_PRODUCTS_DIR)/Drake Up.app/Drake Up";
				FRAMEWORK_SEARCH_PATHS = (
					"$(SDKROOT)/Developer/Library/Frameworks",
					"$(inherited)",
					"$(DEVELOPER_FRAMEWORKS_DIR)",
				);
				GCC_PRECOMPILE_PREFIX_HEADER = YES;
				GCC_PREFIX_HEADER = "Drake Up/Drake Up-Prefix.pch";
				GCC_PREPROCESSOR_DEFINITIONS = (
					"DEBUG=1",
					"$(inherited)",
				);
				INFOPLIST_FILE = "Drake UpTests/Drake UpTests-Info.plist";
				PRODUCT_NAME = "$(TARGET_NAME)";
				TEST_HOST = "$(BUNDLE_LOADER)";
				WRAPPER_EXTENSION = xctest;
			};
			name = Debug;
		};
		4585D36D18A9F11F003CEC42 /* Release */ = {
			isa = XCBuildConfiguration;
			buildSettings = {
				ARCHS = "$(ARCHS_STANDARD_INCLUDING_64_BIT)";
				BUNDLE_LOADER = "$(BUILT_PRODUCTS_DIR)/Drake Up.app/Drake Up";
				FRAMEWORK_SEARCH_PATHS = (
					"$(SDKROOT)/Developer/Library/Frameworks",
					"$(inherited)",
					"$(DEVELOPER_FRAMEWORKS_DIR)",
				);
				GCC_PRECOMPILE_PREFIX_HEADER = YES;
				GCC_PREFIX_HEADER = "Drake Up/Drake Up-Prefix.pch";
				INFOPLIST_FILE = "Drake UpTests/Drake UpTests-Info.plist";
				PRODUCT_NAME = "$(TARGET_NAME)";
				TEST_HOST = "$(BUNDLE_LOADER)";
				WRAPPER_EXTENSION = xctest;
			};
			name = Release;
		};
/* End XCBuildConfiguration section */

/* Begin XCConfigurationList section */
		4585D33118A9F11E003CEC42 /* Build configuration list for PBXProject "Drake Up" */ = {
			isa = XCConfigurationList;
			buildConfigurations = (
				4585D36618A9F11F003CEC42 /* Debug */,
				4585D36718A9F11F003CEC42 /* Release */,
			);
			defaultConfigurationIsVisible = 0;
			defaultConfigurationName = Release;
		};
		4585D36818A9F11F003CEC42 /* Build configuration list for PBXNativeTarget "Drake Up" */ = {
			isa = XCConfigurationList;
			buildConfigurations = (
				4585D36918A9F11F003CEC42 /* Debug */,
				4585D36A18A9F11F003CEC42 /* Release */,
			);
			defaultConfigurationIsVisible = 0;
		};
		4585D36B18A9F11F003CEC42 /* Build configuration list for PBXNativeTarget "Drake UpTests" */ = {
			isa = XCConfigurationList;
			buildConfigurations = (
				4585D36C18A9F11F003CEC42 /* Debug */,
				4585D36D18A9F11F003CEC42 /* Release */,
			);
			defaultConfigurationIsVisible = 0;
		};
/* End XCConfigurationList section */
	};
	rootObject = 4585D32E18A9F11E003CEC42 /* Project object */;
}
